PODS:
  - DDScriptMessage (0.1.0):
    - DDScriptMessage/Core (= 0.1.0)
    - DDScriptMessage/ScriptMessage (= 0.1.0)
    - XCGLogger (~> 6)
  - DDScriptMessage/Core (0.1.0):
    - XCGLogger (~> 6)
  - DDScriptMessage/ScriptMessage (0.1.0):
    - XCGLogger (~> 6)
  - Nimble (7.0.3)
  - ObjcExceptionBridging (1.0.1):
    - ObjcExceptionBridging/ObjcExceptionBridging (= 1.0.1)
  - ObjcExceptionBridging/ObjcExceptionBridging (1.0.1)
  - Quick (1.2.0)
  - XCGLogger (6.0.2):
    - XCGLogger/Core (= 6.0.2)
  - XCGLogger/Core (6.0.2):
    - ObjcExceptionBridging

DEPENDENCIES:
  - DDScriptMessage (from `../`)
  - Nimble (~> 7.0.2)
  - Quick (~> 1.2.0)

SPEC REPOS:
  https://github.com/CocoaPods/Specs.git:
    - Nimble
    - ObjcExceptionBridging
    - Quick
    - XCGLogger

EXTERNAL SOURCES:
  DDScriptMessage:
    :path: "../"

SPEC CHECKSUMS:
  DDScriptMessage: 9d86b82135d6dc9e5e4d4079d46eb5981940a4af
  Nimble: 7f5a9c447a33002645a071bddafbfb24ea70e0ac
  ObjcExceptionBridging: c30e00eb3700467e695faeea30e26e18bd445001
  Quick: 58d203b1c5e27fff7229c4c1ae445ad7069a7a08
  XCGLogger: c9601cae9a8912de34a58666ba931ed3d624dd31

PODFILE CHECKSUM: 692de9df7ff1fa42710e71f254413c765ae5dbe8

COCOAPODS: 1.5.0
